github.com/bloveless/tweetgo v0.0.0-20200509135615-c21d87416cce h1:6mhOSuXHxPI3FDekNpxnFLaqAo4s8qr2oG5xgPnb1OA=
github.com/bloveless/tweetgo v0.0.0-20200509135615-c21d87416cce/go.mod h1:KJH6iVoq5XwynFfEO4m34osU4wT5hVGQIey/nOEBwMI=
github.com/gorilla/schema v1.1.0 h1:CamqUDOFUBqzrvxuz2vEwo8+SUdwsluFh7IlzJh30LY=
github.com/gorilla/schema v1.1.0/go.mod h1:kgLaKoK1FELgZqMAVxx/5cbj0kT+57qxUrAlIO2eleU=
